{
  "name": "language-capnproto",
  "version": "0.3.0",
  "lockfileVersion": 1,
  "requires": true,
  "dependencies": {
    "capnpid": {
      "version": "0.1.2",
      "resolved": "https://registry.npmjs.org/capnpid/-/capnpid-0.1.2.tgz",
      "integrity": "sha512-ML957DNotkP1MdHCwafaGhfj58GL32VIDPI++VgIUNsnVtDmHZRGNqadMgr11Dn+fNLHzlQArPQo0Atphps0MQ=="
    }
  }
}
